{
  "meteor": {},
  "dependencies": {
    "basePackages": {
      "dhtmlx-message": {},
      "spin": {},
      "bootstrap-3": {},
      "handlebar-helpers": {},
      "accounts-ui-bootstrap-3": {}
    },
    "packages": {
      "dhtmlx-message": {
        "git": "https://github.com/DHTMLX/meteor-message.git",
        "tag": "v1.0.0",
        "commit": "cf09fabadcf5e099778e4b52f5ed78e4cc1bc18b"
      },
      "spin": {
        "git": "https://github.com/SachaG/meteor-spin.git",
        "tag": "v2.0.4",
        "commit": "f7b1e12a7caff1283cdb3671a393c182d0ae9862"
      },
      "bootstrap-3": {
        "git": "https://github.com/mangasocial/meteor-bootstrap-3.git",
        "tag": "v3.2.0-1",
        "commit": "17a63902fc6cf1096c5289d963c66cf28b474727"
      },
      "handlebar-helpers": {
        "git": "https://github.com/raix/Meteor-handlebar-helpers.git",
        "tag": "v0.1.1",
        "commit": "0b407ab65e7c1ebd53d71aef0de2e2c1d21a597c"
      },
      "accounts-ui-bootstrap-3": {
        "git": "https://github.com/mangasocial/meteor-accounts-ui-bootstrap-3.git",
        "tag": "v0.3.4",
        "commit": "9f006ee48d869877d90d54ac75b54550a587df8f"
      }
    }
  }
}
